{
  "name": "flip-terminal",
  "lockfileVersion": 3,
  "requires": true,
  "packages": {
    "": {
      "name": "flip-terminal",
      "dependencies": {
        "js-sha3": "^0.9.3"
      },
      "devDependencies": {
        "pngjs": "^7.0.0"
      }
    },
    "node_modules/js-sha3": {
      "version": "0.9.3",
      "resolved": "https://registry.npmjs.org/js-sha3/-/js-sha3-0.9.3.tgz",
      "integrity": "sha512-BcJPCQeLg6WjEx3FE591wVAevlli8lxsxm9/FzV4HXkV49TmBH38Yvrpce6fjbADGMKFrBMGTqrVz3qPIZ88Gg==",
      "license": "MIT"
    },
    "node_modules/pngjs": {
      "version": "7.0.0",
      "resolved": "https://registry.npmjs.org/pngjs/-/pngjs-7.0.0.tgz",
      "integrity": "sha512-LKWqWJRhstyYo9pGvgor/ivk2w94eSjE3RGVuzLGlr3NmD8bf7RcYGze1mNdEHRP6TRP6rMuDHk5t44hnTRyow==",
      "dev": true,
      "license": "MIT",
      "engines": {
        "node": ">=14.19.0"
      }
    }
  }
}
